
Microsoft Visual Studio Solution File, Format Version 12.00
# Visual Studio Version 17
VisualStudioVersion = 17.12.35707.178
MinimumVisualStudioVersion = 10.0.40219.1
Project("{8BC9CEB8-8B4A-11D0-8D11-00A0C91BC942}") = "Project01", "Project01\Project01.vcxproj", "{57AA4F11-F638-43E9-874C-01807BFE1507}"
EndProject
Project("{8BC9CEB8-8B4A-11D0-8D11-00A0C91BC942}") = "Project02", "Project02\Project02.vcxproj", "{649A84F9-3CA3-4718-97B8-83951FCC7E3F}"
EndProject
Project("{8BC9CEB8-8B4A-11D0-8D11-00A0C91BC942}") = "Project03", "Project03\Project03.vcxproj", "{4A8F533B-538E-49B0-A576-CCE5FEF1114E}"
EndProject
Project("{8BC9CEB8-8B4A-11D0-8D11-00A0C91BC942}") = "Project04", "Project04\Project04.vcxproj", "{1084F308-8F8C-45EE-A2A8-864242C57B78}"
EndProject
Project("{8BC9CEB8-8B4A-11D0-8D11-00A0C91BC942}") = "Project05", "Project05\Project05.vcxproj", "{994F2DB9-9149-46C2-AC44-5EA15D5BDAF9}"
EndProject
Project("{8BC9CEB8-8B4A-11D0-8D11-00A0C91BC942}") = "Project06", "Project06\Project06.vcxproj", "{29FD4F20-2430-403C-ABE1-8C2A68C7ADA8}"
EndProject
Project("{8BC9CEB8-8B4A-11D0-8D11-00A0C91BC942}") = "Project07", "Project07\Project07.vcxproj", "{D3217FA1-C8F5-4873-82BE-5DB684FB9460}"
EndProject
Project("{8BC9CEB8-8B4A-11D0-8D11-00A0C91BC942}") = "Project08", "Project08\Project08.vcxproj", "{11BD0800-3905-40BA-AD7A-D3B14C5C0B75}"
EndProject
Project("{8BC9CEB8-8B4A-11D0-8D11-00A0C91BC942}") = "Project09", "Project09\Project09.vcxproj", "{4773C250-EBC1-40A5-A6D5-40FBF031000C}"
EndProject
Project("{8BC9CEB8-8B4A-11D0-8D11-00A0C91BC942}") = "Project10", "Project10\Project10.vcxproj", "{C327C0CC-9AE7-45FB-818E-D00B5B736E19}"
EndProject
Project("{8BC9CEB8-8B4A-11D0-8D11-00A0C91BC942}") = "Project11", "Project11\Project11.vcxproj", "{3F43CDBF-7066-4B86-A0E2-3027006FD5B9}"
EndProject
Project("{8BC9CEB8-8B4A-11D0-8D11-00A0C91BC942}") = "Project12", "Project12\Project12.vcxproj", "{86B16ACA-50FD-4B3E-9A63-147596C47CE0}"
EndProject
Project("{8BC9CEB8-8B4A-11D0-8D11-00A0C91BC942}") = "Project13", "Project13\Project13.vcxproj", "{5E1E25CD-2C89-4D9D-A162-E76E9EF758C1}"
EndProject
Project("{8BC9CEB8-8B4A-11D0-8D11-00A0C91BC942}") = "Project14", "Project14\Project14.vcxproj", "{E14B077F-52E4-4394-A240-4DFC97D33124}"
EndProject
Project("{8BC9CEB8-8B4A-11D0-8D11-00A0C91BC942}") = "Project15", "Project15\Project15.vcxproj", "{7FB30F56-AC9A-4DB5-AB41-37FBDFBD7B27}"
EndProject
Project("{8BC9CEB8-8B4A-11D0-8D11-00A0C91BC942}") = "Project16", "Project16\Project16.vcxproj", "{DC08C97C-A5E4-4549-A194-087258BE8BD3}"
EndProject
Project("{8BC9CEB8-8B4A-11D0-8D11-00A0C91BC942}") = "Project17", "Project17\Project17.vcxproj", "{6D96E701-DA0A-4BB3-AE0F-251F581727D5}"
EndProject
Project("{8BC9CEB8-8B4A-11D0-8D11-00A0C91BC942}") = "Project18", "Project18\Project18.vcxproj", "{7234ACF0-4A88-43CC-9DD4-BED1C9FD59F7}"
EndProject
Project("{8BC9CEB8-8B4A-11D0-8D11-00A0C91BC942}") = "Project19", "Project19\Project19.vcxproj", "{271B03B0-5AD1-4252-9B58-9FAB49A739AC}"
EndProject
Project("{8BC9CEB8-8B4A-11D0-8D11-00A0C91BC942}") = "Project20", "Project20\Project20.vcxproj", "{780F2570-E823-489B-8D76-4E39C3554311}"
EndProject
Project("{8BC9CEB8-8B4A-11D0-8D11-00A0C91BC942}") = "Project21", "Project21\Project21.vcxproj", "{6E415D9D-F984-459D-AD5C-47874597A109}"
EndProject
Project("{8BC9CEB8-8B4A-11D0-8D11-00A0C91BC942}") = "Project22", "Project22\Project22.vcxproj", "{6CCEF541-EEF6-4E5F-9F6F-B2C5083CC83E}"
EndProject
Project("{8BC9CEB8-8B4A-11D0-8D11-00A0C91BC942}") = "Exercise", "Exercise\Exercise.vcxproj", "{BB4D3FBF-5844-4F63-B6F9-BF217C9FAD4A}"
EndProject
Project("{8BC9CEB8-8B4A-11D0-8D11-00A0C91BC942}") = "Project23", "Project23\Project23.vcxproj", "{FE4242E9-0EEC-4ABB-AD0C-4EB333B45D3F}"
EndProject
Project("{8BC9CEB8-8B4A-11D0-8D11-00A0C91BC942}") = "Project24", "Project24\Project24.vcxproj", "{2CAB9F8C-7BBD-496C-8F15-4BAE02A083FB}"
EndProject
Project("{8BC9CEB8-8B4A-11D0-8D11-00A0C91BC942}") = "Project25", "Project25\Project25.vcxproj", "{B60BA1E4-CEB1-47E0-B1CC-429BCE31F400}"
EndProject
Project("{8BC9CEB8-8B4A-11D0-8D11-00A0C91BC942}") = "Project26", "Project26\Project26.vcxproj", "{6CCBA993-F1FF-4092-92F4-C91A59F4C1DC}"
EndProject
Project("{8BC9CEB8-8B4A-11D0-8D11-00A0C91BC942}") = "Project27", "Project27\Project27.vcxproj", "{666838AE-E7BF-4C2C-9413-4282ACBC7B1A}"
EndProject
Project("{8BC9CEB8-8B4A-11D0-8D11-00A0C91BC942}") = "WinProject1", "WinProject1\WinProject1.vcxproj", "{BF854925-91AA-4050-B09A-041FD117DF29}"
EndProject
Global
	GlobalSection(SolutionConfigurationPlatforms) = preSolution
		Debug|x64 = Debug|x64
		Debug|x86 = Debug|x86
		Release|x64 = Release|x64
		Release|x86 = Release|x86
	EndGlobalSection
	GlobalSection(ProjectConfigurationPlatforms) = postSolution
		{57AA4F11-F638-43E9-874C-01807BFE1507}.Debug|x64.ActiveCfg = Debug|x64
		{57AA4F11-F638-43E9-874C-01807BFE1507}.Debug|x64.Build.0 = Debug|x64
		{57AA4F11-F638-43E9-874C-01807BFE1507}.Debug|x86.ActiveCfg = Debug|Win32
		{57AA4F11-F638-43E9-874C-01807BFE1507}.Debug|x86.Build.0 = Debug|Win32
		{57AA4F11-F638-43E9-874C-01807BFE1507}.Release|x64.ActiveCfg = Release|x64
		{57AA4F11-F638-43E9-874C-01807BFE1507}.Release|x64.Build.0 = Release|x64
		{57AA4F11-F638-43E9-874C-01807BFE1507}.Release|x86.ActiveCfg = Release|Win32
		{57AA4F11-F638-43E9-874C-01807BFE1507}.Release|x86.Build.0 = Release|Win32
		{649A84F9-3CA3-4718-97B8-83951FCC7E3F}.Debug|x64.ActiveCfg = Debug|x64
		{649A84F9-3CA3-4718-97B8-83951FCC7E3F}.Debug|x64.Build.0 = Debug|x64
		{649A84F9-3CA3-4718-97B8-83951FCC7E3F}.Debug|x86.ActiveCfg = Debug|Win32
		{649A84F9-3CA3-4718-97B8-83951FCC7E3F}.Debug|x86.Build.0 = Debug|Win32
		{649A84F9-3CA3-4718-97B8-83951FCC7E3F}.Release|x64.ActiveCfg = Release|x64
		{649A84F9-3CA3-4718-97B8-83951FCC7E3F}.Release|x64.Build.0 = Release|x64
		{649A84F9-3CA3-4718-97B8-83951FCC7E3F}.Release|x86.ActiveCfg = Release|Win32
		{649A84F9-3CA3-4718-97B8-83951FCC7E3F}.Release|x86.Build.0 = Release|Win32
		{4A8F533B-538E-49B0-A576-CCE5FEF1114E}.Debug|x64.ActiveCfg = Debug|x64
		{4A8F533B-538E-49B0-A576-CCE5FEF1114E}.Debug|x64.Build.0 = Debug|x64
		{4A8F533B-538E-49B0-A576-CCE5FEF1114E}.Debug|x86.ActiveCfg = Debug|Win32
		{4A8F533B-538E-49B0-A576-CCE5FEF1114E}.Debug|x86.Build.0 = Debug|Win32
		{4A8F533B-538E-49B0-A576-CCE5FEF1114E}.Release|x64.ActiveCfg = Release|x64
		{4A8F533B-538E-49B0-A576-CCE5FEF1114E}.Release|x64.Build.0 = Release|x64
		{4A8F533B-538E-49B0-A576-CCE5FEF1114E}.Release|x86.ActiveCfg = Release|Win32
		{4A8F533B-538E-49B0-A576-CCE5FEF1114E}.Release|x86.Build.0 = Release|Win32
		{1084F308-8F8C-45EE-A2A8-864242C57B78}.Debug|x64.ActiveCfg = Debug|x64
		{1084F308-8F8C-45EE-A2A8-864242C57B78}.Debug|x64.Build.0 = Debug|x64
		{1084F308-8F8C-45EE-A2A8-864242C57B78}.Debug|x86.ActiveCfg = Debug|Win32
		{1084F308-8F8C-45EE-A2A8-864242C57B78}.Debug|x86.Build.0 = Debug|Win32
		{1084F308-8F8C-45EE-A2A8-864242C57B78}.Release|x64.ActiveCfg = Release|x64
		{1084F308-8F8C-45EE-A2A8-864242C57B78}.Release|x64.Build.0 = Release|x64
		{1084F308-8F8C-45EE-A2A8-864242C57B78}.Release|x86.ActiveCfg = Release|Win32
		{1084F308-8F8C-45EE-A2A8-864242C57B78}.Release|x86.Build.0 = Release|Win32
		{994F2DB9-9149-46C2-AC44-5EA15D5BDAF9}.Debug|x64.ActiveCfg = Debug|x64
		{994F2DB9-9149-46C2-AC44-5EA15D5BDAF9}.Debug|x64.Build.0 = Debug|x64
		{994F2DB9-9149-46C2-AC44-5EA15D5BDAF9}.Debug|x86.ActiveCfg = Debug|Win32
		{994F2DB9-9149-46C2-AC44-5EA15D5BDAF9}.Debug|x86.Build.0 = Debug|Win32
		{994F2DB9-9149-46C2-AC44-5EA15D5BDAF9}.Release|x64.ActiveCfg = Release|x64
		{994F2DB9-9149-46C2-AC44-5EA15D5BDAF9}.Release|x64.Build.0 = Release|x64
		{994F2DB9-9149-46C2-AC44-5EA15D5BDAF9}.Release|x86.ActiveCfg = Release|Win32
		{994F2DB9-9149-46C2-AC44-5EA15D5BDAF9}.Release|x86.Build.0 = Release|Win32
		{29FD4F20-2430-403C-ABE1-8C2A68C7ADA8}.Debug|x64.ActiveCfg = Debug|x64
		{29FD4F20-2430-403C-ABE1-8C2A68C7ADA8}.Debug|x64.Build.0 = Debug|x64
		{29FD4F20-2430-403C-ABE1-8C2A68C7ADA8}.Debug|x86.ActiveCfg = Debug|Win32
		{29FD4F20-2430-403C-ABE1-8C2A68C7ADA8}.Debug|x86.Build.0 = Debug|Win32
		{29FD4F20-2430-403C-ABE1-8C2A68C7ADA8}.Release|x64.ActiveCfg = Release|x64
		{29FD4F20-2430-403C-ABE1-8C2A68C7ADA8}.Release|x64.Build.0 = Release|x64
		{29FD4F20-2430-403C-ABE1-8C2A68C7ADA8}.Release|x86.ActiveCfg = Release|Win32
		{29FD4F20-2430-403C-ABE1-8C2A68C7ADA8}.Release|x86.Build.0 = Release|Win32
		{D3217FA1-C8F5-4873-82BE-5DB684FB9460}.Debug|x64.ActiveCfg = Debug|x64
		{D3217FA1-C8F5-4873-82BE-5DB684FB9460}.Debug|x64.Build.0 = Debug|x64
		{D3217FA1-C8F5-4873-82BE-5DB684FB9460}.Debug|x86.ActiveCfg = Debug|Win32
		{D3217FA1-C8F5-4873-82BE-5DB684FB9460}.Debug|x86.Build.0 = Debug|Win32
		{D3217FA1-C8F5-4873-82BE-5DB684FB9460}.Release|x64.ActiveCfg = Release|x64
		{D3217FA1-C8F5-4873-82BE-5DB684FB9460}.Release|x64.Build.0 = Release|x64
		{D3217FA1-C8F5-4873-82BE-5DB684FB9460}.Release|x86.ActiveCfg = Release|Win32
		{D3217FA1-C8F5-4873-82BE-5DB684FB9460}.Release|x86.Build.0 = Release|Win32
		{11BD0800-3905-40BA-AD7A-D3B14C5C0B75}.Debug|x64.ActiveCfg = Debug|x64
		{11BD0800-3905-40BA-AD7A-D3B14C5C0B75}.Debug|x64.Build.0 = Debug|x64
		{11BD0800-3905-40BA-AD7A-D3B14C5C0B75}.Debug|x86.ActiveCfg = Debug|Win32
		{11BD0800-3905-40BA-AD7A-D3B14C5C0B75}.Debug|x86.Build.0 = Debug|Win32
		{11BD0800-3905-40BA-AD7A-D3B14C5C0B75}.Release|x64.ActiveCfg = Release|x64
		{11BD0800-3905-40BA-AD7A-D3B14C5C0B75}.Release|x64.Build.0 = Release|x64
		{11BD0800-3905-40BA-AD7A-D3B14C5C0B75}.Release|x86.ActiveCfg = Release|Win32
		{11BD0800-3905-40BA-AD7A-D3B14C5C0B75}.Release|x86.Build.0 = Release|Win32
		{4773C250-EBC1-40A5-A6D5-40FBF031000C}.Debug|x64.ActiveCfg = Debug|x64
		{4773C250-EBC1-40A5-A6D5-40FBF031000C}.Debug|x64.Build.0 = Debug|x64
		{4773C250-EBC1-40A5-A6D5-40FBF031000C}.Debug|x86.ActiveCfg = Debug|Win32
		{4773C250-EBC1-40A5-A6D5-40FBF031000C}.Debug|x86.Build.0 = Debug|Win32
		{4773C250-EBC1-40A5-A6D5-40FBF031000C}.Release|x64.ActiveCfg = Release|x64
		{4773C250-EBC1-40A5-A6D5-40FBF031000C}.Release|x64.Build.0 = Release|x64
		{4773C250-EBC1-40A5-A6D5-40FBF031000C}.Release|x86.ActiveCfg = Release|Win32
		{4773C250-EBC1-40A5-A6D5-40FBF031000C}.Release|x86.Build.0 = Release|Win32
		{C327C0CC-9AE7-45FB-818E-D00B5B736E19}.Debug|x64.ActiveCfg = Debug|x64
		{C327C0CC-9AE7-45FB-818E-D00B5B736E19}.Debug|x64.Build.0 = Debug|x64
		{C327C0CC-9AE7-45FB-818E-D00B5B736E19}.Debug|x86.ActiveCfg = Debug|Win32
		{C327C0CC-9AE7-45FB-818E-D00B5B736E19}.Debug|x86.Build.0 = Debug|Win32
		{C327C0CC-9AE7-45FB-818E-D00B5B736E19}.Release|x64.ActiveCfg = Release|x64
		{C327C0CC-9AE7-45FB-818E-D00B5B736E19}.Release|x64.Build.0 = Release|x64
		{C327C0CC-9AE7-45FB-818E-D00B5B736E19}.Release|x86.ActiveCfg = Release|Win32
		{C327C0CC-9AE7-45FB-818E-D00B5B736E19}.Release|x86.Build.0 = Release|Win32
		{3F43CDBF-7066-4B86-A0E2-3027006FD5B9}.Debug|x64.ActiveCfg = Debug|x64
		{3F43CDBF-7066-4B86-A0E2-3027006FD5B9}.Debug|x64.Build.0 = Debug|x64
		{3F43CDBF-7066-4B86-A0E2-3027006FD5B9}.Debug|x86.ActiveCfg = Debug|Win32
		{3F43CDBF-7066-4B86-A0E2-3027006FD5B9}.Debug|x86.Build.0 = Debug|Win32
		{3F43CDBF-7066-4B86-A0E2-3027006FD5B9}.Release|x64.ActiveCfg = Release|x64
		{3F43CDBF-7066-4B86-A0E2-3027006FD5B9}.Release|x64.Build.0 = Release|x64
		{3F43CDBF-7066-4B86-A0E2-3027006FD5B9}.Release|x86.ActiveCfg = Release|Win32
		{3F43CDBF-7066-4B86-A0E2-3027006FD5B9}.Release|x86.Build.0 = Release|Win32
		{86B16ACA-50FD-4B3E-9A63-147596C47CE0}.Debug|x64.ActiveCfg = Debug|x64
		{86B16ACA-50FD-4B3E-9A63-147596C47CE0}.Debug|x64.Build.0 = Debug|x64
		{86B16ACA-50FD-4B3E-9A63-147596C47CE0}.Debug|x86.ActiveCfg = Debug|Win32
		{86B16ACA-50FD-4B3E-9A63-147596C47CE0}.Debug|x86.Build.0 = Debug|Win32
		{86B16ACA-50FD-4B3E-9A63-147596C47CE0}.Release|x64.ActiveCfg = Release|x64
		{86B16ACA-50FD-4B3E-9A63-147596C47CE0}.Release|x64.Build.0 = Release|x64
		{86B16ACA-50FD-4B3E-9A63-147596C47CE0}.Release|x86.ActiveCfg = Release|Win32
		{86B16ACA-50FD-4B3E-9A63-147596C47CE0}.Release|x86.Build.0 = Release|Win32
		{5E1E25CD-2C89-4D9D-A162-E76E9EF758C1}.Debug|x64.ActiveCfg = Debug|x64
		{5E1E25CD-2C89-4D9D-A162-E76E9EF758C1}.Debug|x64.Build.0 = Debug|x64
		{5E1E25CD-2C89-4D9D-A162-E76E9EF758C1}.Debug|x86.ActiveCfg = Debug|Win32
		{5E1E25CD-2C89-4D9D-A162-E76E9EF758C1}.Debug|x86.Build.0 = Debug|Win32
		{5E1E25CD-2C89-4D9D-A162-E76E9EF758C1}.Release|x64.ActiveCfg = Release|x64
		{5E1E25CD-2C89-4D9D-A162-E76E9EF758C1}.Release|x64.Build.0 = Release|x64
		{5E1E25CD-2C89-4D9D-A162-E76E9EF758C1}.Release|x86.ActiveCfg = Release|Win32
		{5E1E25CD-2C89-4D9D-A162-E76E9EF758C1}.Release|x86.Build.0 = Release|Win32
		{E14B077F-52E4-4394-A240-4DFC97D33124}.Debug|x64.ActiveCfg = Debug|x64
		{E14B077F-52E4-4394-A240-4DFC97D33124}.Debug|x64.Build.0 = Debug|x64
		{E14B077F-52E4-4394-A240-4DFC97D33124}.Debug|x86.ActiveCfg = Debug|Win32
		{E14B077F-52E4-4394-A240-4DFC97D33124}.Debug|x86.Build.0 = Debug|Win32
		{E14B077F-52E4-4394-A240-4DFC97D33124}.Release|x64.ActiveCfg = Release|x64
		{E14B077F-52E4-4394-A240-4DFC97D33124}.Release|x64.Build.0 = Release|x64
		{E14B077F-52E4-4394-A240-4DFC97D33124}.Release|x86.ActiveCfg = Release|Win32
		{E14B077F-52E4-4394-A240-4DFC97D33124}.Release|x86.Build.0 = Release|Win32
		{7FB30F56-AC9A-4DB5-AB41-37FBDFBD7B27}.Debug|x64.ActiveCfg = Debug|x64
		{7FB30F56-AC9A-4DB5-AB41-37FBDFBD7B27}.Debug|x64.Build.0 = Debug|x64
		{7FB30F56-AC9A-4DB5-AB41-37FBDFBD7B27}.Debug|x86.ActiveCfg = Debug|Win32
		{7FB30F56-AC9A-4DB5-AB41-37FBDFBD7B27}.Debug|x86.Build.0 = Debug|Win32
		{7FB30F56-AC9A-4DB5-AB41-37FBDFBD7B27}.Release|x64.ActiveCfg = Release|x64
		{7FB30F56-AC9A-4DB5-AB41-37FBDFBD7B27}.Release|x64.Build.0 = Release|x64
		{7FB30F56-AC9A-4DB5-AB41-37FBDFBD7B27}.Release|x86.ActiveCfg = Release|Win32
		{7FB30F56-AC9A-4DB5-AB41-37FBDFBD7B27}.Release|x86.Build.0 = Release|Win32
		{DC08C97C-A5E4-4549-A194-087258BE8BD3}.Debug|x64.ActiveCfg = Debug|x64
		{DC08C97C-A5E4-4549-A194-087258BE8BD3}.Debug|x64.Build.0 = Debug|x64
		{DC08C97C-A5E4-4549-A194-087258BE8BD3}.Debug|x86.ActiveCfg = Debug|Win32
		{DC08C97C-A5E4-4549-A194-087258BE8BD3}.Debug|x86.Build.0 = Debug|Win32
		{DC08C97C-A5E4-4549-A194-087258BE8BD3}.Release|x64.ActiveCfg = Release|x64
		{DC08C97C-A5E4-4549-A194-087258BE8BD3}.Release|x64.Build.0 = Release|x64
		{DC08C97C-A5E4-4549-A194-087258BE8BD3}.Release|x86.ActiveCfg = Release|Win32
		{DC08C97C-A5E4-4549-A194-087258BE8BD3}.Release|x86.Build.0 = Release|Win32
		{6D96E701-DA0A-4BB3-AE0F-251F581727D5}.Debug|x64.ActiveCfg = Debug|x64
		{6D96E701-DA0A-4BB3-AE0F-251F581727D5}.Debug|x64.Build.0 = Debug|x64
		{6D96E701-DA0A-4BB3-AE0F-251F581727D5}.Debug|x86.ActiveCfg = Debug|Win32
		{6D96E701-DA0A-4BB3-AE0F-251F581727D5}.Debug|x86.Build.0 = Debug|Win32
		{6D96E701-DA0A-4BB3-AE0F-251F581727D5}.Release|x64.ActiveCfg = Release|x64
		{6D96E701-DA0A-4BB3-AE0F-251F581727D5}.Release|x64.Build.0 = Release|x64
		{6D96E701-DA0A-4BB3-AE0F-251F581727D5}.Release|x86.ActiveCfg = Release|Win32
		{6D96E701-DA0A-4BB3-AE0F-251F581727D5}.Release|x86.Build.0 = Release|Win32
		{7234ACF0-4A88-43CC-9DD4-BED1C9FD59F7}.Debug|x64.ActiveCfg = Debug|x64
		{7234ACF0-4A88-43CC-9DD4-BED1C9FD59F7}.Debug|x64.Build.0 = Debug|x64
		{7234ACF0-4A88-43CC-9DD4-BED1C9FD59F7}.Debug|x86.ActiveCfg = Debug|Win32
		{7234ACF0-4A88-43CC-9DD4-BED1C9FD59F7}.Debug|x86.Build.0 = Debug|Win32
		{7234ACF0-4A88-43CC-9DD4-BED1C9FD59F7}.Release|x64.ActiveCfg = Release|x64
		{7234ACF0-4A88-43CC-9DD4-BED1C9FD59F7}.Release|x64.Build.0 = Release|x64
		{7234ACF0-4A88-43CC-9DD4-BED1C9FD59F7}.Release|x86.ActiveCfg = Release|Win32
		{7234ACF0-4A88-43CC-9DD4-BED1C9FD59F7}.Release|x86.Build.0 = Release|Win32
		{271B03B0-5AD1-4252-9B58-9FAB49A739AC}.Debug|x64.ActiveCfg = Debug|x64
		{271B03B0-5AD1-4252-9B58-9FAB49A739AC}.Debug|x64.Build.0 = Debug|x64
		{271B03B0-5AD1-4252-9B58-9FAB49A739AC}.Debug|x86.ActiveCfg = Debug|Win32
		{271B03B0-5AD1-4252-9B58-9FAB49A739AC}.Debug|x86.Build.0 = Debug|Win32
		{271B03B0-5AD1-4252-9B58-9FAB49A739AC}.Release|x64.ActiveCfg = Release|x64
		{271B03B0-5AD1-4252-9B58-9FAB49A739AC}.Release|x64.Build.0 = Release|x64
		{271B03B0-5AD1-4252-9B58-9FAB49A739AC}.Release|x86.ActiveCfg = Release|Win32
		{271B03B0-5AD1-4252-9B58-9FAB49A739AC}.Release|x86.Build.0 = Release|Win32
		{780F2570-E823-489B-8D76-4E39C3554311}.Debug|x64.ActiveCfg = Debug|x64
		{780F2570-E823-489B-8D76-4E39C3554311}.Debug|x64.Build.0 = Debug|x64
		{780F2570-E823-489B-8D76-4E39C3554311}.Debug|x86.ActiveCfg = Debug|Win32
		{780F2570-E823-489B-8D76-4E39C3554311}.Debug|x86.Build.0 = Debug|Win32
		{780F2570-E823-489B-8D76-4E39C3554311}.Release|x64.ActiveCfg = Release|x64
		{780F2570-E823-489B-8D76-4E39C3554311}.Release|x64.Build.0 = Release|x64
		{780F2570-E823-489B-8D76-4E39C3554311}.Release|x86.ActiveCfg = Release|Win32
		{780F2570-E823-489B-8D76-4E39C3554311}.Release|x86.Build.0 = Release|Win32
		{6E415D9D-F984-459D-AD5C-47874597A109}.Debug|x64.ActiveCfg = Debug|x64
		{6E415D9D-F984-459D-AD5C-47874597A109}.Debug|x64.Build.0 = Debug|x64
		{6E415D9D-F984-459D-AD5C-47874597A109}.Debug|x86.ActiveCfg = Debug|Win32
		{6E415D9D-F984-459D-AD5C-47874597A109}.Debug|x86.Build.0 = Debug|Win32
		{6E415D9D-F984-459D-AD5C-47874597A109}.Release|x64.ActiveCfg = Release|x64
		{6E415D9D-F984-459D-AD5C-47874597A109}.Release|x64.Build.0 = Release|x64
		{6E415D9D-F984-459D-AD5C-47874597A109}.Release|x86.ActiveCfg = Release|Win32
		{6E415D9D-F984-459D-AD5C-47874597A109}.Release|x86.Build.0 = Release|Win32
		{6CCEF541-EEF6-4E5F-9F6F-B2C5083CC83E}.Debug|x64.ActiveCfg = Debug|x64
		{6CCEF541-EEF6-4E5F-9F6F-B2C5083CC83E}.Debug|x64.Build.0 = Debug|x64
		{6CCEF541-EEF6-4E5F-9F6F-B2C5083CC83E}.Debug|x86.ActiveCfg = Debug|Win32
		{6CCEF541-EEF6-4E5F-9F6F-B2C5083CC83E}.Debug|x86.Build.0 = Debug|Win32
		{6CCEF541-EEF6-4E5F-9F6F-B2C5083CC83E}.Release|x64.ActiveCfg = Release|x64
		{6CCEF541-EEF6-4E5F-9F6F-B2C5083CC83E}.Release|x64.Build.0 = Release|x64
		{6CCEF541-EEF6-4E5F-9F6F-B2C5083CC83E}.Release|x86.ActiveCfg = Release|Win32
		{6CCEF541-EEF6-4E5F-9F6F-B2C5083CC83E}.Release|x86.Build.0 = Release|Win32
		{BB4D3FBF-5844-4F63-B6F9-BF217C9FAD4A}.Debug|x64.ActiveCfg = Debug|x64
		{BB4D3FBF-5844-4F63-B6F9-BF217C9FAD4A}.Debug|x64.Build.0 = Debug|x64
		{BB4D3FBF-5844-4F63-B6F9-BF217C9FAD4A}.Debug|x86.ActiveCfg = Debug|Win32
		{BB4D3FBF-5844-4F63-B6F9-BF217C9FAD4A}.Debug|x86.Build.0 = Debug|Win32
		{BB4D3FBF-5844-4F63-B6F9-BF217C9FAD4A}.Release|x64.ActiveCfg = Release|x64
		{BB4D3FBF-5844-4F63-B6F9-BF217C9FAD4A}.Release|x64.Build.0 = Release|x64
		{BB4D3FBF-5844-4F63-B6F9-BF217C9FAD4A}.Release|x86.ActiveCfg = Release|Win32
		{BB4D3FBF-5844-4F63-B6F9-BF217C9FAD4A}.Release|x86.Build.0 = Release|Win32
		{FE4242E9-0EEC-4ABB-AD0C-4EB333B45D3F}.Debug|x64.ActiveCfg = Debug|x64
		{FE4242E9-0EEC-4ABB-AD0C-4EB333B45D3F}.Debug|x64.Build.0 = Debug|x64
		{FE4242E9-0EEC-4ABB-AD0C-4EB333B45D3F}.Debug|x86.ActiveCfg = Debug|Win32
		{FE4242E9-0EEC-4ABB-AD0C-4EB333B45D3F}.Debug|x86.Build.0 = Debug|Win32
		{FE4242E9-0EEC-4ABB-AD0C-4EB333B45D3F}.Release|x64.ActiveCfg = Release|x64
		{FE4242E9-0EEC-4ABB-AD0C-4EB333B45D3F}.Release|x64.Build.0 = Release|x64
		{FE4242E9-0EEC-4ABB-AD0C-4EB333B45D3F}.Release|x86.ActiveCfg = Release|Win32
		{FE4242E9-0EEC-4ABB-AD0C-4EB333B45D3F}.Release|x86.Build.0 = Release|Win32
		{2CAB9F8C-7BBD-496C-8F15-4BAE02A083FB}.Debug|x64.ActiveCfg = Debug|x64
		{2CAB9F8C-7BBD-496C-8F15-4BAE02A083FB}.Debug|x64.Build.0 = Debug|x64
		{2CAB9F8C-7BBD-496C-8F15-4BAE02A083FB}.Debug|x86.ActiveCfg = Debug|Win32
		{2CAB9F8C-7BBD-496C-8F15-4BAE02A083FB}.Debug|x86.Build.0 = Debug|Win32
		{2CAB9F8C-7BBD-496C-8F15-4BAE02A083FB}.Release|x64.ActiveCfg = Release|x64
		{2CAB9F8C-7BBD-496C-8F15-4BAE02A083FB}.Release|x64.Build.0 = Release|x64
		{2CAB9F8C-7BBD-496C-8F15-4BAE02A083FB}.Release|x86.ActiveCfg = Release|Win32
		{2CAB9F8C-7BBD-496C-8F15-4BAE02A083FB}.Release|x86.Build.0 = Release|Win32
		{B60BA1E4-CEB1-47E0-B1CC-429BCE31F400}.Debug|x64.ActiveCfg = Debug|x64
		{B60BA1E4-CEB1-47E0-B1CC-429BCE31F400}.Debug|x64.Build.0 = Debug|x64
		{B60BA1E4-CEB1-47E0-B1CC-429BCE31F400}.Debug|x86.ActiveCfg = Debug|Win32
		{B60BA1E4-CEB1-47E0-B1CC-429BCE31F400}.Debug|x86.Build.0 = Debug|Win32
		{B60BA1E4-CEB1-47E0-B1CC-429BCE31F400}.Release|x64.ActiveCfg = Release|x64
		{B60BA1E4-CEB1-47E0-B1CC-429BCE31F400}.Release|x64.Build.0 = Release|x64
		{B60BA1E4-CEB1-47E0-B1CC-429BCE31F400}.Release|x86.ActiveCfg = Release|Win32
		{B60BA1E4-CEB1-47E0-B1CC-429BCE31F400}.Release|x86.Build.0 = Release|Win32
		{6CCBA993-F1FF-4092-92F4-C91A59F4C1DC}.Debug|x64.ActiveCfg = Debug|x64
		{6CCBA993-F1FF-4092-92F4-C91A59F4C1DC}.Debug|x64.Build.0 = Debug|x64
		{6CCBA993-F1FF-4092-92F4-C91A59F4C1DC}.Debug|x86.ActiveCfg = Debug|Win32
		{6CCBA993-F1FF-4092-92F4-C91A59F4C1DC}.Debug|x86.Build.0 = Debug|Win32
		{6CCBA993-F1FF-4092-92F4-C91A59F4C1DC}.Release|x64.ActiveCfg = Release|x64
		{6CCBA993-F1FF-4092-92F4-C91A59F4C1DC}.Release|x64.Build.0 = Release|x64
		{6CCBA993-F1FF-4092-92F4-C91A59F4C1DC}.Release|x86.ActiveCfg = Release|Win32
		{6CCBA993-F1FF-4092-92F4-C91A59F4C1DC}.Release|x86.Build.0 = Release|Win32
		{666838AE-E7BF-4C2C-9413-4282ACBC7B1A}.Debug|x64.ActiveCfg = Debug|x64
		{666838AE-E7BF-4C2C-9413-4282ACBC7B1A}.Debug|x64.Build.0 = Debug|x64
		{666838AE-E7BF-4C2C-9413-4282ACBC7B1A}.Debug|x86.ActiveCfg = Debug|Win32
		{666838AE-E7BF-4C2C-9413-4282ACBC7B1A}.Debug|x86.Build.0 = Debug|Win32
		{666838AE-E7BF-4C2C-9413-4282ACBC7B1A}.Release|x64.ActiveCfg = Release|x64
		{666838AE-E7BF-4C2C-9413-4282ACBC7B1A}.Release|x64.Build.0 = Release|x64
		{666838AE-E7BF-4C2C-9413-4282ACBC7B1A}.Release|x86.ActiveCfg = Release|Win32
		{666838AE-E7BF-4C2C-9413-4282ACBC7B1A}.Release|x86.Build.0 = Release|Win32
		{BF854925-91AA-4050-B09A-041FD117DF29}.Debug|x64.ActiveCfg = Debug|x64
		{BF854925-91AA-4050-B09A-041FD117DF29}.Debug|x64.Build.0 = Debug|x64
		{BF854925-91AA-4050-B09A-041FD117DF29}.Debug|x86.ActiveCfg = Debug|Win32
		{BF854925-91AA-4050-B09A-041FD117DF29}.Debug|x86.Build.0 = Debug|Win32
		{BF854925-91AA-4050-B09A-041FD117DF29}.Release|x64.ActiveCfg = Release|x64
		{BF854925-91AA-4050-B09A-041FD117DF29}.Release|x64.Build.0 = Release|x64
		{BF854925-91AA-4050-B09A-041FD117DF29}.Release|x86.ActiveCfg = Release|Win32
		{BF854925-91AA-4050-B09A-041FD117DF29}.Release|x86.Build.0 = Release|Win32
	EndGlobalSection
	GlobalSection(SolutionProperties) = preSolution
		HideSolutionNode = FALSE
	EndGlobalSection
EndGlobal
